
Microsoft Visual Studio Solution File, Format Version 12.00
# Visual Studio Version 16
VisualStudioVersion = 16.0.32929.386
MinimumVisualStudioVersion = 10.0.40219.1
Project("{FAE04EC0-301F-11D3-BF4B-00C04F79EFBC}") = "WpfApp1", "WpfApp1\WpfApp1.csproj", "{DE1C8FD6-C318-46FD-89C3-471CDEB2206D}"
EndProject
Global
	GlobalSection(SolutionConfigurationPlatforms) = preSolution
		Debug|Any CPU = Debug|Any CPU
		Release|Any CPU = Release|Any CPU
	EndGlobalSection
	GlobalSection(ProjectConfigurationPlatforms) = postSolution
		{DE1C8FD6-C318-46FD-89C3-471CDEB2206D}.Debug|Any CPU.ActiveCfg = Debug|Any CPU
		{DE1C8FD6-C318-46FD-89C3-471CDEB2206D}.Debug|Any CPU.Build.0 = Debug|Any CPU
		{DE1C8FD6-C318-46FD-89C3-471CDEB2206D}.Release|Any CPU.ActiveCfg = Release|Any CPU
		{DE1C8FD6-C318-46FD-89C3-471CDEB2206D}.Release|Any CPU.Build.0 = Release|Any CPU
	EndGlobalSection
	GlobalSection(SolutionProperties) = preSolution
		HideSolutionNode = FALSE
	EndGlobalSection
	GlobalSection(ExtensibilityGlobals) = postSolution
		SolutionGuid = {B73FC82A-F98B-4C18-83AC-195B4A348C5E}
	EndGlobalSection
EndGlobal
